
Microsoft Visual Studio Solution File, Format Version 12.00
# Visual Studio Version 16
VisualStudioVersion = 16.0.29709.97
MinimumVisualStudioVersion = 10.0.40219.1
Project("{9A19103F-16F7-4668-BE54-9A1E7A4F7556}") = "RazorPagesMovie", "RazorPagesMovie.csproj", "{05E4ECF8-F75F-4558-A391-9068A7D5C990}"
EndProject
Project("{2150E333-8FDC-42A3-9474-1A3956D46DE8}") = "Solution Items", "Solution Items", "{CEDCBDD5-635A-4BB2-BB3E-C2EAE32124C9}"
	ProjectSection(SolutionItems) = preProject
		.a11yrc = .a11yrc
	EndProjectSection
EndProject
Global
	GlobalSection(SolutionConfigurationPlatforms) = preSolution
		Debug|Any CPU = Debug|Any CPU
		Release|Any CPU = Release|Any CPU
	EndGlobalSection
	GlobalSection(ProjectConfigurationPlatforms) = postSolution
		{05E4ECF8-F75F-4558-A391-9068A7D5C990}.Debug|Any CPU.ActiveCfg = Debug|Any CPU
		{05E4ECF8-F75F-4558-A391-9068A7D5C990}.Debug|Any CPU.Build.0 = Debug|Any CPU
		{05E4ECF8-F75F-4558-A391-9068A7D5C990}.Release|Any CPU.ActiveCfg = Release|Any CPU
		{05E4ECF8-F75F-4558-A391-9068A7D5C990}.Release|Any CPU.Build.0 = Release|Any CPU
	EndGlobalSection
	GlobalSection(SolutionProperties) = preSolution
		HideSolutionNode = FALSE
	EndGlobalSection
	GlobalSection(ExtensibilityGlobals) = postSolution
		SolutionGuid = {0A6D4EB6-FAD4-4935-8459-4E3FBA121DA2}
	EndGlobalSection
EndGlobal
